
Microsoft Visual Studio Solution File, Format Version 12.00
# Visual Studio 15
VisualStudioVersion = 15.0.27130.2036
MinimumVisualStudioVersion = 10.0.40219.1
Project("{9A19103F-16F7-4668-BE54-9A1E7A4F7556}") = "GrandPrix", "GrandPrix\GrandPrix.csproj", "{10F08356-0C37-44D9-B236-F843129CF2F7}"
EndProject
Project("{9A19103F-16F7-4668-BE54-9A1E7A4F7556}") = "Minedraft", "Minedraft\Minedraft.csproj", "{8F205961-B292-4F81-8339-667454976B88}"
EndProject
Project("{FAE04EC0-301F-11D3-BF4B-00C04F79EFBC}") = "PawInc", "PawInc\PawInc.csproj", "{5E46DEBA-0E88-4437-96A9-801F2A9D4C68}"
EndProject
Project("{FAE04EC0-301F-11D3-BF4B-00C04F79EFBC}") = "Avatar", "Avatar\Avatar.csproj", "{12D380A5-84EC-4EA1-A552-2DC2B3CC8EE4}"
EndProject
Project("{FAE04EC0-301F-11D3-BF4B-00C04F79EFBC}") = "Grand", "Grand\Grand.csproj", "{60E618D6-148E-4CF7-B064-0660F36F4BFF}"
EndProject
Global
	GlobalSection(SolutionConfigurationPlatforms) = preSolution
		Debug|Any CPU = Debug|Any CPU
		Release|Any CPU = Release|Any CPU
	EndGlobalSection
	GlobalSection(ProjectConfigurationPlatforms) = postSolution
		{10F08356-0C37-44D9-B236-F843129CF2F7}.Debug|Any CPU.ActiveCfg = Debug|Any CPU
		{10F08356-0C37-44D9-B236-F843129CF2F7}.Debug|Any CPU.Build.0 = Debug|Any CPU
		{10F08356-0C37-44D9-B236-F843129CF2F7}.Release|Any CPU.ActiveCfg = Release|Any CPU
		{10F08356-0C37-44D9-B236-F843129CF2F7}.Release|Any CPU.Build.0 = Release|Any CPU
		{8F205961-B292-4F81-8339-667454976B88}.Debug|Any CPU.ActiveCfg = Debug|Any CPU
		{8F205961-B292-4F81-8339-667454976B88}.Debug|Any CPU.Build.0 = Debug|Any CPU
		{8F205961-B292-4F81-8339-667454976B88}.Release|Any CPU.ActiveCfg = Release|Any CPU
		{8F205961-B292-4F81-8339-667454976B88}.Release|Any CPU.Build.0 = Release|Any CPU
		{5E46DEBA-0E88-4437-96A9-801F2A9D4C68}.Debug|Any CPU.ActiveCfg = Debug|Any CPU
		{5E46DEBA-0E88-4437-96A9-801F2A9D4C68}.Debug|Any CPU.Build.0 = Debug|Any CPU
		{5E46DEBA-0E88-4437-96A9-801F2A9D4C68}.Release|Any CPU.ActiveCfg = Release|Any CPU
		{5E46DEBA-0E88-4437-96A9-801F2A9D4C68}.Release|Any CPU.Build.0 = Release|Any CPU
		{12D380A5-84EC-4EA1-A552-2DC2B3CC8EE4}.Debug|Any CPU.ActiveCfg = Debug|Any CPU
		{12D380A5-84EC-4EA1-A552-2DC2B3CC8EE4}.Debug|Any CPU.Build.0 = Debug|Any CPU
		{12D380A5-84EC-4EA1-A552-2DC2B3CC8EE4}.Release|Any CPU.ActiveCfg = Release|Any CPU
		{12D380A5-84EC-4EA1-A552-2DC2B3CC8EE4}.Release|Any CPU.Build.0 = Release|Any CPU
		{60E618D6-148E-4CF7-B064-0660F36F4BFF}.Debug|Any CPU.ActiveCfg = Debug|Any CPU
		{60E618D6-148E-4CF7-B064-0660F36F4BFF}.Debug|Any CPU.Build.0 = Debug|Any CPU
		{60E618D6-148E-4CF7-B064-0660F36F4BFF}.Release|Any CPU.ActiveCfg = Release|Any CPU
		{60E618D6-148E-4CF7-B064-0660F36F4BFF}.Release|Any CPU.Build.0 = Release|Any CPU
	EndGlobalSection
	GlobalSection(SolutionProperties) = preSolution
		HideSolutionNode = FALSE
	EndGlobalSection
	GlobalSection(ExtensibilityGlobals) = postSolution
		SolutionGuid = {4C779855-8ABA-4458-A478-7B3182122620}
	EndGlobalSection
EndGlobal
