
Microsoft Visual Studio Solution File, Format Version 12.00
# Visual Studio 15
VisualStudioVersion = 15.0.27130.2036
MinimumVisualStudioVersion = 10.0.40219.1
Project("{FAE04EC0-301F-11D3-BF4B-00C04F79EFBC}") = "01.Persons", "01.Persons\01.Persons.csproj", "{12B74541-D55F-4AF7-8CBC-C9D60D594E75}"
EndProject
Project("{FAE04EC0-301F-11D3-BF4B-00C04F79EFBC}") = "Teams", "Team\Teams.csproj", "{CBDED05B-B23B-4905-9BFC-C84A27906269}"
EndProject
Global
	GlobalSection(SolutionConfigurationPlatforms) = preSolution
		Debug|Any CPU = Debug|Any CPU
		Release|Any CPU = Release|Any CPU
	EndGlobalSection
	GlobalSection(ProjectConfigurationPlatforms) = postSolution
		{12B74541-D55F-4AF7-8CBC-C9D60D594E75}.Debug|Any CPU.ActiveCfg = Debug|Any CPU
		{12B74541-D55F-4AF7-8CBC-C9D60D594E75}.Debug|Any CPU.Build.0 = Debug|Any CPU
		{12B74541-D55F-4AF7-8CBC-C9D60D594E75}.Release|Any CPU.ActiveCfg = Release|Any CPU
		{12B74541-D55F-4AF7-8CBC-C9D60D594E75}.Release|Any CPU.Build.0 = Release|Any CPU
		{CBDED05B-B23B-4905-9BFC-C84A27906269}.Debug|Any CPU.ActiveCfg = Debug|Any CPU
		{CBDED05B-B23B-4905-9BFC-C84A27906269}.Debug|Any CPU.Build.0 = Debug|Any CPU
		{CBDED05B-B23B-4905-9BFC-C84A27906269}.Release|Any CPU.ActiveCfg = Release|Any CPU
		{CBDED05B-B23B-4905-9BFC-C84A27906269}.Release|Any CPU.Build.0 = Release|Any CPU
	EndGlobalSection
	GlobalSection(SolutionProperties) = preSolution
		HideSolutionNode = FALSE
	EndGlobalSection
	GlobalSection(ExtensibilityGlobals) = postSolution
		SolutionGuid = {44D177E2-5BF5-41A0-9C9B-51E23D0D2ACE}
	EndGlobalSection
EndGlobal
