
Microsoft Visual Studio Solution File, Format Version 12.00
# Visual Studio 15
VisualStudioVersion = 15.0.27130.2027
MinimumVisualStudioVersion = 10.0.40219.1
Project("{FAE04EC0-301F-11D3-BF4B-00C04F79EFBC}") = "RhombusOfStars", "RhombusOfStars\RhombusOfStars.csproj", "{7F93589E-CA1C-4794-BE19-02748E33AA59}"
EndProject
Project("{FAE04EC0-301F-11D3-BF4B-00C04F79EFBC}") = "PointInRectangle", "PointInRectangle\PointInRectangle.csproj", "{9339364F-A310-463A-B399-0C99E3C1EB59}"
EndProject
Project("{FAE04EC0-301F-11D3-BF4B-00C04F79EFBC}") = "StudentSystem", "StudentSystem\StudentSystem.csproj", "{81960647-31AF-4DA3-96BE-06495AA82984}"
EndProject
Project("{FAE04EC0-301F-11D3-BF4B-00C04F79EFBC}") = "HotelReservation", "HotelReservation\HotelReservation.csproj", "{BD8BD894-6541-4B9E-A897-09DE5E62353B}"
EndProject
Global
	GlobalSection(SolutionConfigurationPlatforms) = preSolution
		Debug|Any CPU = Debug|Any CPU
		Release|Any CPU = Release|Any CPU
	EndGlobalSection
	GlobalSection(ProjectConfigurationPlatforms) = postSolution
		{7F93589E-CA1C-4794-BE19-02748E33AA59}.Debug|Any CPU.ActiveCfg = Debug|Any CPU
		{7F93589E-CA1C-4794-BE19-02748E33AA59}.Debug|Any CPU.Build.0 = Debug|Any CPU
		{7F93589E-CA1C-4794-BE19-02748E33AA59}.Release|Any CPU.ActiveCfg = Release|Any CPU
		{7F93589E-CA1C-4794-BE19-02748E33AA59}.Release|Any CPU.Build.0 = Release|Any CPU
		{9339364F-A310-463A-B399-0C99E3C1EB59}.Debug|Any CPU.ActiveCfg = Debug|Any CPU
		{9339364F-A310-463A-B399-0C99E3C1EB59}.Debug|Any CPU.Build.0 = Debug|Any CPU
		{9339364F-A310-463A-B399-0C99E3C1EB59}.Release|Any CPU.ActiveCfg = Release|Any CPU
		{9339364F-A310-463A-B399-0C99E3C1EB59}.Release|Any CPU.Build.0 = Release|Any CPU
		{81960647-31AF-4DA3-96BE-06495AA82984}.Debug|Any CPU.ActiveCfg = Debug|Any CPU
		{81960647-31AF-4DA3-96BE-06495AA82984}.Debug|Any CPU.Build.0 = Debug|Any CPU
		{81960647-31AF-4DA3-96BE-06495AA82984}.Release|Any CPU.ActiveCfg = Release|Any CPU
		{81960647-31AF-4DA3-96BE-06495AA82984}.Release|Any CPU.Build.0 = Release|Any CPU
		{BD8BD894-6541-4B9E-A897-09DE5E62353B}.Debug|Any CPU.ActiveCfg = Debug|Any CPU
		{BD8BD894-6541-4B9E-A897-09DE5E62353B}.Debug|Any CPU.Build.0 = Debug|Any CPU
		{BD8BD894-6541-4B9E-A897-09DE5E62353B}.Release|Any CPU.ActiveCfg = Release|Any CPU
		{BD8BD894-6541-4B9E-A897-09DE5E62353B}.Release|Any CPU.Build.0 = Release|Any CPU
	EndGlobalSection
	GlobalSection(SolutionProperties) = preSolution
		HideSolutionNode = FALSE
	EndGlobalSection
	GlobalSection(ExtensibilityGlobals) = postSolution
		SolutionGuid = {1EA121C8-CFF8-4EBA-9EC3-FCDB0E34EF48}
	EndGlobalSection
EndGlobal
